version = 1
requires-python = ">=3.7"

[[package]]
name = "pyconsolemenu2"
version = "1.2.0"
source = { editable = "." }
dependencies = [
    { name = "windows-curses", marker = "platform_system == 'Windows'" },
]

[package.metadata]
requires-dist = [{ name = "windows-curses", marker = "platform_system == 'Windows'", specifier = ">=2.3.3" }]

[[package]]
name = "windows-curses"
version = "2.3.3"
source = { registry = "https://pypi.org/simple" }
wheels = [
    { url = "https://files.pythonhosted.org/packages/c6/47/2bf102d76329ce6eaef641f76ccca199cadf967446399bd96dbce0b2c005/windows_curses-2.3.3-cp310-cp310-win32.whl", hash = "sha256:859011e77d7d9d9eaabb4fe081760cec966454bdea18a9f3a98e6d10e802fb61", size = 69758 },
    { url = "https://files.pythonhosted.org/packages/b9/0b/54462cb2e045a48113082560581dbddc7fc70f63a5c1adbdf905c1b4082f/windows_curses-2.3.3-cp310-cp310-win_amd64.whl", hash = "sha256:cb0eaf41b90c0b7e33269a6cf34900d8b0d7f3fcf2c1f9dd8191bac11955b711", size = 80385 },
    { url = "https://files.pythonhosted.org/packages/39/6e/dc0e0f9d3acac4386e5df9e49736d9c2b3283f16b449f0b4d79f0c1ac2e8/windows_curses-2.3.3-cp311-cp311-win32.whl", hash = "sha256:3b3d01720724532794e81f0496d18c1284791b6e5b1fa7a59ec878d1c5134dde", size = 69751 },
    { url = "https://files.pythonhosted.org/packages/18/1b/e06eb41dad1c74f0d3124218084f258f73a5e76c67112da0ba174162670f/windows_curses-2.3.3-cp311-cp311-win_amd64.whl", hash = "sha256:a5d90950656fc0d85aa3d395ec7f454cc7136add512d40a9c5e8ff29a0ce4905", size = 80414 },
    { url = "https://files.pythonhosted.org/packages/13/d0/15e3032ed0a44e4b67806682da7954cf1e1df39937a53b0772b9676a0318/windows_curses-2.3.3-cp312-cp312-win32.whl", hash = "sha256:e24b68a1c029d3ff521cf9325ba0f533b303e22ed148952a5a5e6396f29f536c", size = 70055 },
    { url = "https://files.pythonhosted.org/packages/1d/a9/6bfb7845f235a8fd03602ee0039b8aba2d70fb66a07ba3b3bd992a300624/windows_curses-2.3.3-cp312-cp312-win_amd64.whl", hash = "sha256:eaea51f169d9940a9bad1edda1759f63795daeb2174b2a45c895148058970689", size = 80724 },
    { url = "https://files.pythonhosted.org/packages/12/f1/2f493d1bc2b7899ba178ba5f12bb5ea07e976e145a814eb3ca7ec27e69f4/windows_curses-2.3.3-cp37-cp37m-win32.whl", hash = "sha256:cb654716c400b24c6410e09415ea682307cf874ee76b109d9c6587a42ac7ed62", size = 61300 },
    { url = "https://files.pythonhosted.org/packages/9a/a6/5381c383b61dca929597ffad91eae066769c7b60d7f417375a1ef76a59b7/windows_curses-2.3.3-cp37-cp37m-win_amd64.whl", hash = "sha256:ba4a6a0d2d56ad834a1241fb5ce83186322cca87295ef4a768ede870ad33d597", size = 70307 },
    { url = "https://files.pythonhosted.org/packages/89/2a/8bf9b927c987ad2a25af414659070e0e8ecef9e2138e34a40c24031760a9/windows_curses-2.3.3-cp38-cp38-win32.whl", hash = "sha256:a3604136cc0284e2284c7172bb81ba6ff914f820c2eb156e5dde71dafd98fff9", size = 76241 },
    { url = "https://files.pythonhosted.org/packages/9c/48/7adc8a4e876074c2681e675b66871e9b002b2e8b1a5396f3582322744b58/windows_curses-2.3.3-cp38-cp38-win_amd64.whl", hash = "sha256:15d148658e8967fd3826c907c4ad094d35a7a3605eb0e2d1bbad0b5c81b9df9f", size = 88933 },
    { url = "https://files.pythonhosted.org/packages/a9/20/5a54babdbd2a65aecbaecd8f846b21f1208537e1c529069da7c79e0f8382/windows_curses-2.3.3-cp39-cp39-win32.whl", hash = "sha256:b61d1d949b508de4e73e8b4848e243c5d9de691c242b2c8d458a991e5e80ad18", size = 76513 },
    { url = "https://files.pythonhosted.org/packages/73/30/9c6a41db365d54ef2709b1aa0ed9b63dc1e7a9e59f03b203cee4b2229cfd/windows_curses-2.3.3-cp39-cp39-win_amd64.whl", hash = "sha256:23b71f3a44cc5a5b92e12d3a519e840e54f8252ff3ef867b630963d5fe7124dd", size = 89075 },
]
